
Microsoft Visual Studio Solution File, Format Version 12.00
# Visual Studio Version 17
VisualStudioVersion = 17.4.33403.182
MinimumVisualStudioVersion = 10.0.40219.1
Project("{FAE04EC0-301F-11D3-BF4B-00C04F79EFBC}") = "BlackSquare", "BlackSquare\BlackSquare.csproj", "{AED595E1-3F10-4BC0-8CB6-6A54DE76A33F}"
EndProject
Global
	GlobalSection(SolutionConfigurationPlatforms) = preSolution
		Debug|Any CPU = Debug|Any CPU
		Release|Any CPU = Release|Any CPU
	EndGlobalSection
	GlobalSection(ProjectConfigurationPlatforms) = postSolution
		{AED595E1-3F10-4BC0-8CB6-6A54DE76A33F}.Debug|Any CPU.ActiveCfg = Debug|Any CPU
		{AED595E1-3F10-4BC0-8CB6-6A54DE76A33F}.Debug|Any CPU.Build.0 = Debug|Any CPU
		{AED595E1-3F10-4BC0-8CB6-6A54DE76A33F}.Release|Any CPU.ActiveCfg = Release|Any CPU
		{AED595E1-3F10-4BC0-8CB6-6A54DE76A33F}.Release|Any CPU.Build.0 = Release|Any CPU
	EndGlobalSection
	GlobalSection(SolutionProperties) = preSolution
		HideSolutionNode = FALSE
	EndGlobalSection
	GlobalSection(ExtensibilityGlobals) = postSolution
		SolutionGuid = {A8332DA7-49DA-4CEB-9754-3DBBE14A35C6}
	EndGlobalSection
EndGlobal
